
Microsoft Visual Studio Solution File, Format Version 12.00
# Visual Studio Version 16
VisualStudioVersion = 16.0.29324.140
MinimumVisualStudioVersion = 10.0.40219.1
Project("{F184B08F-C81C-45F6-A57F-5ABD9991F28F}") = "Cross-null", "Cross-null\Cross-null.vbproj", "{A04B2990-B021-43FA-A615-475553402A23}"
EndProject
Global
	GlobalSection(SolutionConfigurationPlatforms) = preSolution
		Debug|Any CPU = Debug|Any CPU
		Release|Any CPU = Release|Any CPU
	EndGlobalSection
	GlobalSection(ProjectConfigurationPlatforms) = postSolution
		{A04B2990-B021-43FA-A615-475553402A23}.Debug|Any CPU.ActiveCfg = Debug|Any CPU
		{A04B2990-B021-43FA-A615-475553402A23}.Debug|Any CPU.Build.0 = Debug|Any CPU
		{A04B2990-B021-43FA-A615-475553402A23}.Release|Any CPU.ActiveCfg = Release|Any CPU
		{A04B2990-B021-43FA-A615-475553402A23}.Release|Any CPU.Build.0 = Release|Any CPU
	EndGlobalSection
	GlobalSection(SolutionProperties) = preSolution
		HideSolutionNode = FALSE
	EndGlobalSection
	GlobalSection(ExtensibilityGlobals) = postSolution
		SolutionGuid = {5E7EA5D5-2C2C-4FAD-9C44-29AA6A102122}
	EndGlobalSection
EndGlobal
